Microsoft Visual Studio Solution File, Format Version 11.00
# Visual Studio 2008

Project("{A7F8CE07-E216-556A-999D-52AB7F065948}") = "Stitch", "Assembly-CSharp.csproj", "{37B202DC-93EB-CDC2-37EB-59518653EDD4}"
EndProject
Global
	GlobalSection(SolutionConfigurationPlatforms) = preSolution
		Debug|Any CPU = Debug|Any CPU
		Release|Any CPU = Release|Any CPU
	EndGlobalSection
	GlobalSection(ProjectConfigurationPlatforms) = postSolution
		{37B202DC-93EB-CDC2-37EB-59518653EDD4}.Debug|Any CPU.ActiveCfg = Debug|Any CPU
		{37B202DC-93EB-CDC2-37EB-59518653EDD4}.Debug|Any CPU.Build.0 = Debug|Any CPU
		{37B202DC-93EB-CDC2-37EB-59518653EDD4}.Release|Any CPU.ActiveCfg = Release|Any CPU
		{37B202DC-93EB-CDC2-37EB-59518653EDD4}.Release|Any CPU.Build.0 = Release|Any CPU
	EndGlobalSection
	GlobalSection(SolutionProperties) = preSolution
		HideSolutionNode = FALSE
	EndGlobalSection
	GlobalSection(MonoDevelopProperties) = preSolution
		StartupItem = Assembly-CSharp.csproj
	EndGlobalSection
EndGlobal
